
Microsoft Visual Studio Solution File, Format Version 12.00
# Visual Studio Version 17
VisualStudioVersion = 17.4.33213.308
MinimumVisualStudioVersion = 10.0.40219.1
Project("{FAE04EC0-301F-11D3-BF4B-00C04F79EFBC}") = "Deliverable_4_Mohacsi", "Deliverable_4_Mohacsi.csproj", "{0B4AD00A-4BEC-4A33-BB97-EA6853E45CBD}"
EndProject
Global
	GlobalSection(SolutionConfigurationPlatforms) = preSolution
		Debug|Any CPU = Debug|Any CPU
		Release|Any CPU = Release|Any CPU
	EndGlobalSection
	GlobalSection(ProjectConfigurationPlatforms) = postSolution
		{0B4AD00A-4BEC-4A33-BB97-EA6853E45CBD}.Debug|Any CPU.ActiveCfg = Debug|Any CPU
		{0B4AD00A-4BEC-4A33-BB97-EA6853E45CBD}.Debug|Any CPU.Build.0 = Debug|Any CPU
		{0B4AD00A-4BEC-4A33-BB97-EA6853E45CBD}.Release|Any CPU.ActiveCfg = Release|Any CPU
		{0B4AD00A-4BEC-4A33-BB97-EA6853E45CBD}.Release|Any CPU.Build.0 = Release|Any CPU
	EndGlobalSection
	GlobalSection(SolutionProperties) = preSolution
		HideSolutionNode = FALSE
	EndGlobalSection
	GlobalSection(ExtensibilityGlobals) = postSolution
		SolutionGuid = {FE2E86A7-4858-4163-AC68-F0657121CA3A}
	EndGlobalSection
EndGlobal
